
Microsoft Visual Studio Solution File, Format Version 12.00
# Visual Studio Version 17
VisualStudioVersion = 17.0.31903.59
MinimumVisualStudioVersion = 10.0.40219.1
Project("{FAE04EC0-301F-11D3-BF4B-00C04F79EFBC}") = "Excersice4", "Excersice4\Excersice4.csproj", "{646C098A-50AA-41EB-879F-8E90E4D642D3}"
EndProject
Project("{FAE04EC0-301F-11D3-BF4B-00C04F79EFBC}") = "Excercise4", "Excercise4\Excercise4.csproj", "{D6366BF6-0F61-4432-A529-B987248542D6}"
EndProject
Project("{FAE04EC0-301F-11D3-BF4B-00C04F79EFBC}") = "Excercise3", "Excercise3\Excercise3.csproj", "{AD1174E9-B3CC-4ACA-BD28-74619DC998EC}"
EndProject
Project("{FAE04EC0-301F-11D3-BF4B-00C04F79EFBC}") = "Excercise5", "Excercise5\Excercise5.csproj", "{CB7020EB-3055-4727-8379-210249E47AD9}"
EndProject
Global
	GlobalSection(SolutionConfigurationPlatforms) = preSolution
		Debug|Any CPU = Debug|Any CPU
		Release|Any CPU = Release|Any CPU
	EndGlobalSection
	GlobalSection(SolutionProperties) = preSolution
		HideSolutionNode = FALSE
	EndGlobalSection
	GlobalSection(ProjectConfigurationPlatforms) = postSolution
		{646C098A-50AA-41EB-879F-8E90E4D642D3}.Debug|Any CPU.ActiveCfg = Debug|Any CPU
		{646C098A-50AA-41EB-879F-8E90E4D642D3}.Debug|Any CPU.Build.0 = Debug|Any CPU
		{646C098A-50AA-41EB-879F-8E90E4D642D3}.Release|Any CPU.ActiveCfg = Release|Any CPU
		{646C098A-50AA-41EB-879F-8E90E4D642D3}.Release|Any CPU.Build.0 = Release|Any CPU
		{D6366BF6-0F61-4432-A529-B987248542D6}.Debug|Any CPU.ActiveCfg = Debug|Any CPU
		{D6366BF6-0F61-4432-A529-B987248542D6}.Debug|Any CPU.Build.0 = Debug|Any CPU
		{D6366BF6-0F61-4432-A529-B987248542D6}.Release|Any CPU.ActiveCfg = Release|Any CPU
		{D6366BF6-0F61-4432-A529-B987248542D6}.Release|Any CPU.Build.0 = Release|Any CPU
		{AD1174E9-B3CC-4ACA-BD28-74619DC998EC}.Debug|Any CPU.ActiveCfg = Debug|Any CPU
		{AD1174E9-B3CC-4ACA-BD28-74619DC998EC}.Debug|Any CPU.Build.0 = Debug|Any CPU
		{AD1174E9-B3CC-4ACA-BD28-74619DC998EC}.Release|Any CPU.ActiveCfg = Release|Any CPU
		{AD1174E9-B3CC-4ACA-BD28-74619DC998EC}.Release|Any CPU.Build.0 = Release|Any CPU
		{CB7020EB-3055-4727-8379-210249E47AD9}.Debug|Any CPU.ActiveCfg = Debug|Any CPU
		{CB7020EB-3055-4727-8379-210249E47AD9}.Debug|Any CPU.Build.0 = Debug|Any CPU
		{CB7020EB-3055-4727-8379-210249E47AD9}.Release|Any CPU.ActiveCfg = Release|Any CPU
		{CB7020EB-3055-4727-8379-210249E47AD9}.Release|Any CPU.Build.0 = Release|Any CPU
	EndGlobalSection
EndGlobal
